// !$*UTF8*$!
{
	archiveVersion = 1;
	classes = {
	};
	objectVersion = 56;
	objects = {

/* Begin PBXBuildFile section */
		84C895F7303D17F90077715E /* .gitignore in Resources */ = {isa = PBXBuildFile; fileRef = 84C895F6303D17F90077715E /* .gitignore */; };
		84C895FA303E20390077715E /* NDIFinder.mm in Sources */ = {isa = PBXBuildFile; fileRef = 84C895F9303E20390077715E /* NDIFinder.mm */; };
		84DF2F75301E7211003979DB /* LICENSE in Resources */ = {isa = PBXBuildFile; fileRef = 84DF2F74301E7211003979DB /* LICENSE */; };
		84DF2F77301E7232003979DB /* README.md in Resources */ = {isa = PBXBuildFile; fileRef = 84DF2F76301E7232003979DB /* README.md */; };
		A10000000000000000000001 /* NDIViewerApp.swift in Sources */ = {isa = PBXBuildFile; fileRef = A20000000000000000000001 /* NDIViewerApp.swift */; };
		A10000000000000000000002 /* ContentView.swift in Sources */ = {isa = PBXBuildFile; fileRef = A20000000000000000000002 /* ContentView.swift */; };
		A10000000000000000000003 /* NDIViewModel.swift in Sources */ = {isa = PBXBuildFile; fileRef = A20000000000000000000003 /* NDIViewModel.swift */; };
		A10000000000000000000004 /* NDIClient.mm in Sources */ = {isa = PBXBuildFile; fileRef = A20000000000000000000004 /* NDIClient.mm */; };
		A10000000000000000000005 /* AppKit.framework in Frameworks */ = {isa = PBXBuildFile; fileRef = A20000000000000000000009 /* AppKit.framework */; };
/* End PBXBuildFile section */

/* Begin PBXFileReference section */
		84C895F6303D17F90077715E /* .gitignore */ = {isa = PBXFileReference; lastKnownFileType = text; path = .gitignore; sourceTree = "<group>"; };
		84C895F8303E20040077715E /* NDIFinder.h */ = {isa = PBXFileReference; lastKnownFileType = sourcecode.c.h; path = NDIFinder.h; sourceTree = "<group>"; };
		84C895F9303E20390077715E /* NDIFinder.mm */ = {isa = PBXFileReference; lastKnownFileType = sourcecode.cpp.objcpp; path = NDIFinder.mm; sourceTree = "<group>"; };
		84DF2F74301E7211003979DB /* LICENSE */ = {isa = PBXFileReference; lastKnownFileType = text; path = LICENSE; sourceTree = "<group>"; };
		84DF2F76301E7232003979DB /* README.md */ = {isa = PBXFileReference; lastKnownFileType = net.daringfireball.markdown; path = README.md; sourceTree = "<group>"; };
		A20000000000000000000001 /* NDIViewerApp.swift */ = {isa = PBXFileReference; lastKnownFileType = sourcecode.swift; path = NDIViewerApp.swift; sourceTree = "<group>"; };
		A20000000000000000000002 /* ContentView.swift */ = {isa = PBXFileReference; lastKnownFileType = sourcecode.swift; path = ContentView.swift; sourceTree = "<group>"; };
		A20000000000000000000003 /* NDIViewModel.swift */ = {isa = PBXFileReference; lastKnownFileType = sourcecode.swift; path = NDIViewModel.swift; sourceTree = "<group>"; };
		A20000000000000000000004 /* NDIClient.mm */ = {isa = PBXFileReference; lastKnownFileType = sourcecode.cpp.objcpp; path = NDIClient.mm; sourceTree = "<group>"; };
		A20000000000000000000005 /* NDIClient.h */ = {isa = PBXFileReference; lastKnownFileType = sourcecode.c.h; path = NDIClient.h; sourceTree = "<group>"; };
		A20000000000000000000006 /* NDIViewer-Bridging-Header.h */ = {isa = PBXFileReference; lastKnownFileType = sourcecode.c.h; path = "NDIViewer-Bridging-Header.h"; sourceTree = "<group>"; };
		A20000000000000000000007 /* Info.plist */ = {isa = PBXFileReference; lastKnownFileType = text.plist.xml; path = Info.plist; sourceTree = "<group>"; };
		A20000000000000000000008 /* NDIViewer.app */ = {isa = PBXFileReference; explicitFileType = wrapper.application; includeInIndex = 0; path = NDIViewer.app; sourceTree = BUILT_PRODUCTS_DIR; };
		A20000000000000000000009 /* AppKit.framework */ = {isa = PBXFileReference; lastKnownFileType = wrapper.framework; name = AppKit.framework; path = System/Library/Frameworks/AppKit.framework; sourceTree = SDKROOT; };
		A2000000000000000000000A /* NDIConfig.xcconfig */ = {isa = PBXFileReference; lastKnownFileType = text.xcconfig; path = NDIConfig.xcconfig; sourceTree = "<group>"; };
		A2000000000000000000000B /* configure-ndi.sh */ = {isa = PBXFileReference; lastKnownFileType = text.script.sh; path = "configure-ndi.sh"; sourceTree = "<group>"; };
		A2000000000000000000000C /* embed-ndi.sh */ = {isa = PBXFileReference; lastKnownFileType = text.script.sh; path = "embed-ndi.sh"; sourceTree = "<group>"; };
/* End PBXFileReference section */

/* Begin PBXFrameworksBuildPhase section */
		A30000000000000000000001 /* Frameworks */ = {
			isa = PBXFrameworksBuildPhase;
			buildActionMask = 2147483647;
			files = (
				A10000000000000000000005 /* AppKit.framework in Frameworks */,
			);
			runOnlyForDeploymentPostprocessing = 0;
		};
/* End PBXFrameworksBuildPhase section */

/* Begin PBXGroup section */
		A40000000000000000000001 = {
			isa = PBXGroup;
			children = (
				84C895F6303D17F90077715E /* .gitignore */,
				A40000000000000000000002 /* NDIViewer */,
				A40000000000000000000003 /* Config */,
				A40000000000000000000004 /* Scripts */,
				A40000000000000000000005 /* Frameworks */,
				A40000000000000000000006 /* Products */,
				84DF2F74301E7211003979DB /* LICENSE */,
				84DF2F76301E7232003979DB /* README.md */,
			);
			sourceTree = "<group>";
		};
		A40000000000000000000002 /* NDIViewer */ = {
			isa = PBXGroup;
			children = (
				A20000000000000000000001 /* NDIViewerApp.swift */,
				A20000000000000000000002 /* ContentView.swift */,
				A20000000000000000000003 /* NDIViewModel.swift */,
				A20000000000000000000004 /* NDIClient.mm */,
				84C895F9303E20390077715E /* NDIFinder.mm */,
				A20000000000000000000005 /* NDIClient.h */,
				84C895F8303E20040077715E /* NDIFinder.h */,
				A20000000000000000000006 /* NDIViewer-Bridging-Header.h */,
				A20000000000000000000007 /* Info.plist */,
			);
			path = NDIViewer;
			sourceTree = "<group>";
		};
		A40000000000000000000003 /* Config */ = {
			isa = PBXGroup;
			children = (
				A2000000000000000000000A /* NDIConfig.xcconfig */,
			);
			path = Config;
			sourceTree = "<group>";
		};
		A40000000000000000000004 /* Scripts */ = {
			isa = PBXGroup;
			children = (
				A2000000000000000000000B /* configure-ndi.sh */,
				A2000000000000000000000C /* embed-ndi.sh */,
			);
			path = Scripts;
			sourceTree = "<group>";
		};
		A40000000000000000000005 /* Frameworks */ = {
			isa = PBXGroup;
			children = (
				A20000000000000000000009 /* AppKit.framework */,
			);
			name = Frameworks;
			sourceTree = "<group>";
		};
		A40000000000000000000006 /* Products */ = {
			isa = PBXGroup;
			children = (
				A20000000000000000000008 /* NDIViewer.app */,
			);
			name = Products;
			sourceTree = "<group>";
		};
/* End PBXGroup section */

/* Begin PBXNativeTarget section */
		A50000000000000000000001 /* NDIViewer */ = {
			isa = PBXNativeTarget;
			buildConfigurationList = A90000000000000000000002 /* Build configuration list for PBXNativeTarget "NDIViewer" */;
			buildPhases = (
				A60000000000000000000001 /* Sources */,
				A30000000000000000000001 /* Frameworks */,
				A60000000000000000000002 /* Resources */,
				A70000000000000000000001 /* Embed NDI Runtime */,
			);
			buildRules = (
			);
			dependencies = (
			);
			name = NDIViewer;
			productName = NDIViewer;
			productReference = A20000000000000000000008 /* NDIViewer.app */;
			productType = "com.apple.product-type.application";
		};
/* End PBXNativeTarget section */

/* Begin PBXProject section */
		A80000000000000000000001 /* Project object */ = {
			isa = PBXProject;
			attributes = {
				BuildIndependentTargetsInParallel = 1;
				LastSwiftUpdateCheck = 2630;
				LastUpgradeCheck = 2630;
				TargetAttributes = {
					A50000000000000000000001 = {
						CreatedOnToolsVersion = 26.3;
					};
				};
			};
			buildConfigurationList = A90000000000000000000001 /* Build configuration list for PBXProject "NDIViewer" */;
			compatibilityVersion = "Xcode 14.0";
			developmentRegion = en;
			hasScannedForEncodings = 0;
			knownRegions = (
				en,
				Base,
			);
			mainGroup = A40000000000000000000001;
			productRefGroup = A40000000000000000000006 /* Products */;
			projectDirPath = "";
			projectRoot = "";
			targets = (
				A50000000000000000000001 /* NDIViewer */,
			);
		};
/* End PBXProject section */

/* Begin PBXResourcesBuildPhase section */
		A60000000000000000000002 /* Resources */ = {
			isa = PBXResourcesBuildPhase;
			buildActionMask = 2147483647;
			files = (
				84DF2F77301E7232003979DB /* README.md in Resources */,
				84C895F7303D17F90077715E /* .gitignore in Resources */,
				84DF2F75301E7211003979DB /* LICENSE in Resources */,
			);
			runOnlyForDeploymentPostprocessing = 0;
		};
/* End PBXResourcesBuildPhase section */

/* Begin PBXShellScriptBuildPhase section */
		A70000000000000000000001 /* Embed NDI Runtime */ = {
			isa = PBXShellScriptBuildPhase;
			buildActionMask = 2147483647;
			files = (
			);
			inputPaths = (
				"$(NDI_DYLIB_PATH)",
			);
			name = "Embed NDI Runtime";
			outputPaths = (
				"$(TARGET_BUILD_DIR)/$(FRAMEWORKS_FOLDER_PATH)/libndi.dylib",
			);
			runOnlyForDeploymentPostprocessing = 0;
			shellPath = /bin/bash;
			shellScript = "\"$SRCROOT/Scripts/embed-ndi.sh\"\n";
		};
/* End PBXShellScriptBuildPhase section */

/* Begin PBXSourcesBuildPhase section */
		A60000000000000000000001 /* Sources */ = {
			isa = PBXSourcesBuildPhase;
			buildActionMask = 2147483647;
			files = (
				A10000000000000000000001 /* NDIViewerApp.swift in Sources */,
				84C895FA303E20390077715E /* NDIFinder.mm in Sources */,
				A10000000000000000000002 /* ContentView.swift in Sources */,
				A10000000000000000000003 /* NDIViewModel.swift in Sources */,
				A10000000000000000000004 /* NDIClient.mm in Sources */,
			);
			runOnlyForDeploymentPostprocessing = 0;
		};
/* End PBXSourcesBuildPhase section */

/* Begin XCBuildConfiguration section */
		B00000000000000000000001 /* Debug */ = {
			isa = XCBuildConfiguration;
			buildSettings = {
				CLANG_CXX_LANGUAGE_STANDARD = "gnu++20";
				CLANG_ENABLE_MODULES = YES;
				CLANG_ENABLE_OBJC_ARC = YES;
				MACOSX_DEPLOYMENT_TARGET = 14.0;
				SDKROOT = macosx;
			};
			name = Debug;
		};
		B00000000000000000000002 /* Release */ = {
			isa = XCBuildConfiguration;
			buildSettings = {
				CLANG_CXX_LANGUAGE_STANDARD = "gnu++20";
				CLANG_ENABLE_MODULES = YES;
				CLANG_ENABLE_OBJC_ARC = YES;
				MACOSX_DEPLOYMENT_TARGET = 14.0;
				SDKROOT = macosx;
			};
			name = Release;
		};
		B00000000000000000000003 /* Debug */ = {
			isa = XCBuildConfiguration;
			baseConfigurationReference = A2000000000000000000000A /* NDIConfig.xcconfig */;
			buildSettings = {
				AUTOMATION_APPLE_EVENTS = NO;
				"CODE_SIGN_IDENTITY[sdk=macosx*]" = "-";
				CODE_SIGN_STYLE = Automatic;
				COMBINE_HIDPI_IMAGES = YES;
				CURRENT_PROJECT_VERSION = 1;
				DEAD_CODE_STRIPPING = YES;
				DEVELOPMENT_TEAM = F8T82J7T7X;
				ENABLE_HARDENED_RUNTIME = YES;
				ENABLE_RESOURCE_ACCESS_AUDIO_INPUT = NO;
				ENABLE_RESOURCE_ACCESS_CALENDARS = NO;
				ENABLE_RESOURCE_ACCESS_CAMERA = NO;
				ENABLE_RESOURCE_ACCESS_CONTACTS = NO;
				ENABLE_RESOURCE_ACCESS_LOCATION = NO;
				ENABLE_RESOURCE_ACCESS_PHOTO_LIBRARY = NO;
				GENERATE_INFOPLIST_FILE = NO;
				INFOPLIST_FILE = NDIViewer/Info.plist;
				MARKETING_VERSION = 1.0;
				PRODUCT_BUNDLE_IDENTIFIER = edu.msu.NDIViewer;
				PRODUCT_NAME = "$(TARGET_NAME)";
				RUNTIME_EXCEPTION_ALLOW_DYLD_ENVIRONMENT_VARIABLES = NO;
				RUNTIME_EXCEPTION_ALLOW_JIT = NO;
				RUNTIME_EXCEPTION_ALLOW_UNSIGNED_EXECUTABLE_MEMORY = NO;
				RUNTIME_EXCEPTION_DEBUGGING_TOOL = NO;
				RUNTIME_EXCEPTION_DISABLE_EXECUTABLE_PAGE_PROTECTION = NO;
				RUNTIME_EXCEPTION_DISABLE_LIBRARY_VALIDATION = YES;
				SWIFT_OBJC_BRIDGING_HEADER = "NDIViewer/NDIViewer-Bridging-Header.h";
				SWIFT_VERSION = 5.0;
			};
			name = Debug;
		};
		B00000000000000000000004 /* Release */ = {
			isa = XCBuildConfiguration;
			baseConfigurationReference = A2000000000000000000000A /* NDIConfig.xcconfig */;
			buildSettings = {
				AUTOMATION_APPLE_EVENTS = NO;
				"CODE_SIGN_IDENTITY[sdk=macosx*]" = "-";
				CODE_SIGN_STYLE = Automatic;
				COMBINE_HIDPI_IMAGES = YES;
				CURRENT_PROJECT_VERSION = 1;
				DEAD_CODE_STRIPPING = YES;
				DEVELOPMENT_TEAM = F8T82J7T7X;
				ENABLE_HARDENED_RUNTIME = YES;
				ENABLE_RESOURCE_ACCESS_AUDIO_INPUT = NO;
				ENABLE_RESOURCE_ACCESS_CALENDARS = NO;
				ENABLE_RESOURCE_ACCESS_CAMERA = NO;
				ENABLE_RESOURCE_ACCESS_CONTACTS = NO;
				ENABLE_RESOURCE_ACCESS_LOCATION = NO;
				ENABLE_RESOURCE_ACCESS_PHOTO_LIBRARY = NO;
				GENERATE_INFOPLIST_FILE = NO;
				INFOPLIST_FILE = NDIViewer/Info.plist;
				MARKETING_VERSION = 1.0;
				PRODUCT_BUNDLE_IDENTIFIER = edu.msu.NDIViewer;
				PRODUCT_NAME = "$(TARGET_NAME)";
				RUNTIME_EXCEPTION_ALLOW_DYLD_ENVIRONMENT_VARIABLES = NO;
				RUNTIME_EXCEPTION_ALLOW_JIT = NO;
				RUNTIME_EXCEPTION_ALLOW_UNSIGNED_EXECUTABLE_MEMORY = NO;
				RUNTIME_EXCEPTION_DEBUGGING_TOOL = NO;
				RUNTIME_EXCEPTION_DISABLE_EXECUTABLE_PAGE_PROTECTION = NO;
				RUNTIME_EXCEPTION_DISABLE_LIBRARY_VALIDATION = YES;
				SWIFT_OBJC_BRIDGING_HEADER = "NDIViewer/NDIViewer-Bridging-Header.h";
				SWIFT_VERSION = 5.0;
			};
			name = Release;
		};
/* End XCBuildConfiguration section */

/* Begin XCConfigurationList section */
		A90000000000000000000001 /* Build configuration list for PBXProject "NDIViewer" */ = {
			isa = XCConfigurationList;
			buildConfigurations = (
				B00000000000000000000001 /* Debug */,
				B00000000000000000000002 /* Release */,
			);
			defaultConfigurationIsVisible = 0;
			defaultConfigurationName = Release;
		};
		A90000000000000000000002 /* Build configuration list for PBXNativeTarget "NDIViewer" */ = {
			isa = XCConfigurationList;
			buildConfigurations = (
				B00000000000000000000003 /* Debug */,
				B00000000000000000000004 /* Release */,
			);
			defaultConfigurationIsVisible = 0;
			defaultConfigurationName = Release;
		};
/* End XCConfigurationList section */
	};
	rootObject = A80000000000000000000001 /* Project object */;
}
